
Microsoft Visual Studio Solution File, Format Version 12.00
# Visual Studio 2013
VisualStudioVersion = 12.0.21005.1
MinimumVisualStudioVersion = 10.0.40219.1
Project("{F14B399A-7131-4C87-9E4B-1186C45EF12D}") = "AffiliateRevenueShare", "AffiliateRevenueShare\AffiliateRevenueShare.rptproj", "{0FDD2BB1-DDE2-445D-AFC9-A4E0B89389E8}"
EndProject
Project("{F14B399A-7131-4C87-9E4B-1186C45EF12D}") = "CarrierRevenueShare", "CarrierRevenueShare\CarrierRevenueShare.rptproj", "{AE397FE6-47F5-42BF-A9E1-8202927F4364}"
EndProject
Global
	GlobalSection(SolutionConfigurationPlatforms) = preSolution
		Debug|Default = Debug|Default
		DebugLocal|Default = DebugLocal|Default
		Release|Default = Release|Default
	EndGlobalSection
	GlobalSection(ProjectConfigurationPlatforms) = postSolution
		{0FDD2BB1-DDE2-445D-AFC9-A4E0B89389E8}.Debug|Default.ActiveCfg = Debug
		{0FDD2BB1-DDE2-445D-AFC9-A4E0B89389E8}.Debug|Default.Build.0 = Debug
		{0FDD2BB1-DDE2-445D-AFC9-A4E0B89389E8}.Debug|Default.Deploy.0 = Debug
		{0FDD2BB1-DDE2-445D-AFC9-A4E0B89389E8}.DebugLocal|Default.ActiveCfg = DebugLocal
		{0FDD2BB1-DDE2-445D-AFC9-A4E0B89389E8}.DebugLocal|Default.Build.0 = DebugLocal
		{0FDD2BB1-DDE2-445D-AFC9-A4E0B89389E8}.DebugLocal|Default.Deploy.0 = DebugLocal
		{0FDD2BB1-DDE2-445D-AFC9-A4E0B89389E8}.Release|Default.ActiveCfg = Release
		{0FDD2BB1-DDE2-445D-AFC9-A4E0B89389E8}.Release|Default.Build.0 = Release
		{0FDD2BB1-DDE2-445D-AFC9-A4E0B89389E8}.Release|Default.Deploy.0 = Release
		{AE397FE6-47F5-42BF-A9E1-8202927F4364}.Debug|Default.ActiveCfg = Debug
		{AE397FE6-47F5-42BF-A9E1-8202927F4364}.Debug|Default.Build.0 = Debug
		{AE397FE6-47F5-42BF-A9E1-8202927F4364}.Debug|Default.Deploy.0 = Debug
		{AE397FE6-47F5-42BF-A9E1-8202927F4364}.DebugLocal|Default.ActiveCfg = DebugLocal
		{AE397FE6-47F5-42BF-A9E1-8202927F4364}.DebugLocal|Default.Build.0 = DebugLocal
		{AE397FE6-47F5-42BF-A9E1-8202927F4364}.Release|Default.ActiveCfg = Release
		{AE397FE6-47F5-42BF-A9E1-8202927F4364}.Release|Default.Build.0 = Release
		{AE397FE6-47F5-42BF-A9E1-8202927F4364}.Release|Default.Deploy.0 = Release
	EndGlobalSection
	GlobalSection(SolutionProperties) = preSolution
		HideSolutionNode = FALSE
	EndGlobalSection
EndGlobal
